
Microsoft Visual Studio Solution File, Format Version 12.00
# Visual Studio Version 16
VisualStudioVersion = 16.0.29503.13
MinimumVisualStudioVersion = 10.0.40219.1
Project("{FAE04EC0-301F-11D3-BF4B-00C04F79EFBC}") = "BTL-HDH", "BTL-HDH\BTL-HDH.csproj", "{ADCD61D3-A9BD-4615-8830-E352E9AD900B}"
EndProject
Global
	GlobalSection(SolutionConfigurationPlatforms) = preSolution
		Debug|Any CPU = Debug|Any CPU
		Release|Any CPU = Release|Any CPU
	EndGlobalSection
	GlobalSection(ProjectConfigurationPlatforms) = postSolution
		{ADCD61D3-A9BD-4615-8830-E352E9AD900B}.Debug|Any CPU.ActiveCfg = Debug|Any CPU
		{ADCD61D3-A9BD-4615-8830-E352E9AD900B}.Debug|Any CPU.Build.0 = Debug|Any CPU
		{ADCD61D3-A9BD-4615-8830-E352E9AD900B}.Release|Any CPU.ActiveCfg = Release|Any CPU
		{ADCD61D3-A9BD-4615-8830-E352E9AD900B}.Release|Any CPU.Build.0 = Release|Any CPU
	EndGlobalSection
	GlobalSection(SolutionProperties) = preSolution
		HideSolutionNode = FALSE
	EndGlobalSection
	GlobalSection(ExtensibilityGlobals) = postSolution
		SolutionGuid = {77DACE21-A7A0-40F7-974F-8E362ACD660E}
	EndGlobalSection
EndGlobal
